// !$*UTF8*$!
{
	archiveVersion = 1;
	classes = {
	};
	objectVersion = 50;
	objects = {

/* Begin PBXBuildFile section */
		94901A3C209C907000D6CCCC /* ViewSpec.swift in Sources */ = {isa = PBXBuildFile; fileRef = 94901A3B209C907000D6CCCC /* ViewSpec.swift */; };
		94901A3E209C925800D6CCCC /* View.xib in Resources */ = {isa = PBXBuildFile; fileRef = 94901A3D209C925800D6CCCC /* View.xib */; };
		94901A40209C92B200D6CCCC /* View.swift in Sources */ = {isa = PBXBuildFile; fileRef = 94901A3F209C92B200D6CCCC /* View.swift */; };
		94F1CF06209C8D9900D63E00 /* AppDelegate.swift in Sources */ = {isa = PBXBuildFile; fileRef = 94F1CF05209C8D9900D63E00 /* AppDelegate.swift */; };
		94F1CF08209C8D9900D63E00 /* ViewController.swift in Sources */ = {isa = PBXBuildFile; fileRef = 94F1CF07209C8D9900D63E00 /* ViewController.swift */; };
		94F1CF0B209C8D9900D63E00 /* Main.storyboard in Resources */ = {isa = PBXBuildFile; fileRef = 94F1CF09209C8D9900D63E00 /* Main.storyboard */; };
		94F1CF0D209C8D9B00D63E00 /* Assets.xcassets in Resources */ = {isa = PBXBuildFile; fileRef = 94F1CF0C209C8D9B00D63E00 /* Assets.xcassets */; };
		94F1CF10209C8D9B00D63E00 /* LaunchScreen.storyboard in Resources */ = {isa = PBXBuildFile; fileRef = 94F1CF0E209C8D9B00D63E00 /* LaunchScreen.storyboard */; };
		94F1CF1B209C8D9B00D63E00 /* ViewControllerSpec.swift in Sources */ = {isa = PBXBuildFile; fileRef = 94F1CF1A209C8D9B00D63E00 /* ViewControllerSpec.swift */; };
/* End PBXBuildFile section */

/* Begin PBXContainerItemProxy section */
		94F1CF17209C8D9B00D63E00 /* PBXContainerItemProxy */ = {
			isa = PBXContainerItemProxy;
			containerPortal = 94F1CEFA209C8D9900D63E00 /* Project object */;
			proxyType = 1;
			remoteGlobalIDString = 94F1CF01209C8D9900D63E00;
			remoteInfo = XCTesting;
		};
/* End PBXContainerItemProxy section */

/* Begin PBXFileReference section */
		94901A3B209C907000D6CCCC /* ViewSpec.swift */ = {isa = PBXFileReference; lastKnownFileType = sourcecode.swift; path = ViewSpec.swift; sourceTree = "<group>"; };
		94901A3D209C925800D6CCCC /* View.xib */ = {isa = PBXFileReference; lastKnownFileType = file.xib; path = View.xib; sourceTree = "<group>"; };
		94901A3F209C92B200D6CCCC /* View.swift */ = {isa = PBXFileReference; lastKnownFileType = sourcecode.swift; path = View.swift; sourceTree = "<group>"; };
		94F1CF02209C8D9900D63E00 /* XCTesting.app */ = {isa = PBXFileReference; explicitFileType = wrapper.application; includeInIndex = 0; path = XCTesting.app; sourceTree = BUILT_PRODUCTS_DIR; };
		94F1CF05209C8D9900D63E00 /* AppDelegate.swift */ = {isa = PBXFileReference; lastKnownFileType = sourcecode.swift; path = AppDelegate.swift; sourceTree = "<group>"; };
		94F1CF07209C8D9900D63E00 /* ViewController.swift */ = {isa = PBXFileReference; lastKnownFileType = sourcecode.swift; path = ViewController.swift; sourceTree = "<group>"; };
		94F1CF0A209C8D9900D63E00 /* Base */ = {isa = PBXFileReference; lastKnownFileType = file.storyboard; name = Base; path = Base.lproj/Main.storyboard; sourceTree = "<group>"; };
		94F1CF0C209C8D9B00D63E00 /* Assets.xcassets */ = {isa = PBXFileReference; lastKnownFileType = folder.assetcatalog; path = Assets.xcassets; sourceTree = "<group>"; };
		94F1CF0F209C8D9B00D63E00 /* Base */ = {isa = PBXFileReference; lastKnownFileType = file.storyboard; name = Base; path = Base.lproj/LaunchScreen.storyboard; sourceTree = "<group>"; };
		94F1CF11209C8D9B00D63E00 /* Info.plist */ = {isa = PBXFileReference; lastKnownFileType = text.plist.xml; path = Info.plist; sourceTree = "<group>"; };
		94F1CF16209C8D9B00D63E00 /* XCTestingTests.xctest */ = {isa = PBXFileReference; explicitFileType = wrapper.cfbundle; includeInIndex = 0; path = XCTestingTests.xctest; sourceTree = BUILT_PRODUCTS_DIR; };
		94F1CF1A209C8D9B00D63E00 /* ViewControllerSpec.swift */ = {isa = PBXFileReference; lastKnownFileType = sourcecode.swift; path = ViewControllerSpec.swift; sourceTree = "<group>"; };
		94F1CF1C209C8D9B00D63E00 /* Info.plist */ = {isa = PBXFileReference; lastKnownFileType = text.plist.xml; path = Info.plist; sourceTree = "<group>"; };
/* End PBXFileReference section */

/* Begin PBXFrameworksBuildPhase section */
		94F1CEFF209C8D9900D63E00 /* Frameworks */ = {
			isa = PBXFrameworksBuildPhase;
			buildActionMask = 2147483647;
			files = (
			);
			runOnlyForDeploymentPostprocessing = 0;
		};
		94F1CF13209C8D9B00D63E00 /* Frameworks */ = {
			isa = PBXFrameworksBuildPhase;
			buildActionMask = 2147483647;
			files = (
			);
			runOnlyForDeploymentPostprocessing = 0;
		};
/* End PBXFrameworksBuildPhase section */

/* Begin PBXGroup section */
		94F1CEF9209C8D9900D63E00 = {
			isa = PBXGroup;
			children = (
				94F1CF04209C8D9900D63E00 /* XCTesting */,
				94F1CF19209C8D9B00D63E00 /* XCTestingTests */,
				94F1CF03209C8D9900D63E00 /* Products */,
			);
			sourceTree = "<group>";
		};
		94F1CF03209C8D9900D63E00 /* Products */ = {
			isa = PBXGroup;
			children = (
				94F1CF02209C8D9900D63E00 /* XCTesting.app */,
				94F1CF16209C8D9B00D63E00 /* XCTestingTests.xctest */,
			);
			name = Products;
			sourceTree = "<group>";
		};
		94F1CF04209C8D9900D63E00 /* XCTesting */ = {
			isa = PBXGroup;
			children = (
				94F1CF05209C8D9900D63E00 /* AppDelegate.swift */,
				94F1CF0C209C8D9B00D63E00 /* Assets.xcassets */,
				94F1CF11209C8D9B00D63E00 /* Info.plist */,
				94F1CF0E209C8D9B00D63E00 /* LaunchScreen.storyboard */,
				94F1CF09209C8D9900D63E00 /* Main.storyboard */,
				94901A3F209C92B200D6CCCC /* View.swift */,
				94901A3D209C925800D6CCCC /* View.xib */,
				94F1CF07209C8D9900D63E00 /* ViewController.swift */,
			);
			path = XCTesting;
			sourceTree = "<group>";
		};
		94F1CF19209C8D9B00D63E00 /* XCTestingTests */ = {
			isa = PBXGroup;
			children = (
				94F1CF1C209C8D9B00D63E00 /* Info.plist */,
				94F1CF1A209C8D9B00D63E00 /* ViewControllerSpec.swift */,
				94901A3B209C907000D6CCCC /* ViewSpec.swift */,
			);
			path = XCTestingTests;
			sourceTree = "<group>";
		};
/* End PBXGroup section */

/* Begin PBXNativeTarget section */
		94F1CF01209C8D9900D63E00 /* XCTesting */ = {
			isa = PBXNativeTarget;
			buildConfigurationList = 94F1CF1F209C8D9B00D63E00 /* Build configuration list for PBXNativeTarget "XCTesting" */;
			buildPhases = (
				94F1CEFE209C8D9900D63E00 /* Sources */,
				94F1CEFF209C8D9900D63E00 /* Frameworks */,
				94F1CF00209C8D9900D63E00 /* Resources */,
			);
			buildRules = (
			);
			dependencies = (
			);
			name = XCTesting;
			productName = XCTesting;
			productReference = 94F1CF02209C8D9900D63E00 /* XCTesting.app */;
			productType = "com.apple.product-type.application";
		};
		94F1CF15209C8D9B00D63E00 /* XCTestingTests */ = {
			isa = PBXNativeTarget;
			buildConfigurationList = 94F1CF22209C8D9B00D63E00 /* Build configuration list for PBXNativeTarget "XCTestingTests" */;
			buildPhases = (
				94F1CF12209C8D9B00D63E00 /* Sources */,
				94F1CF13209C8D9B00D63E00 /* Frameworks */,
				94F1CF14209C8D9B00D63E00 /* Resources */,
			);
			buildRules = (
			);
			dependencies = (
				94F1CF18209C8D9B00D63E00 /* PBXTargetDependency */,
			);
			name = XCTestingTests;
			productName = XCTestingTests;
			productReference = 94F1CF16209C8D9B00D63E00 /* XCTestingTests.xctest */;
			productType = "com.apple.product-type.bundle.unit-test";
		};
/* End PBXNativeTarget section */

/* Begin PBXProject section */
		94F1CEFA209C8D9900D63E00 /* Project object */ = {
			isa = PBXProject;
			attributes = {
				LastSwiftUpdateCheck = 0930;
				LastUpgradeCheck = 0930;
				ORGANIZATIONNAME = rkb;
				TargetAttributes = {
					94F1CF01209C8D9900D63E00 = {
						CreatedOnToolsVersion = 9.3;
					};
					94F1CF15209C8D9B00D63E00 = {
						CreatedOnToolsVersion = 9.3;
						TestTargetID = 94F1CF01209C8D9900D63E00;
					};
				};
			};
			buildConfigurationList = 94F1CEFD209C8D9900D63E00 /* Build configuration list for PBXProject "XCTesting" */;
			compatibilityVersion = "Xcode 9.3";
			developmentRegion = en;
			hasScannedForEncodings = 0;
			knownRegions = (
				en,
				Base,
			);
			mainGroup = 94F1CEF9209C8D9900D63E00;
			productRefGroup = 94F1CF03209C8D9900D63E00 /* Products */;
			projectDirPath = "";
			projectRoot = "";
			targets = (
				94F1CF01209C8D9900D63E00 /* XCTesting */,
				94F1CF15209C8D9B00D63E00 /* XCTestingTests */,
			);
		};
/* End PBXProject section */

/* Begin PBXResourcesBuildPhase section */
		94F1CF00209C8D9900D63E00 /* Resources */ = {
			isa = PBXResourcesBuildPhase;
			buildActionMask = 2147483647;
			files = (
				94901A3E209C925800D6CCCC /* View.xib in Resources */,
				94F1CF10209C8D9B00D63E00 /* LaunchScreen.storyboard in Resources */,
				94F1CF0D209C8D9B00D63E00 /* Assets.xcassets in Resources */,
				94F1CF0B209C8D9900D63E00 /* Main.storyboard in Resources */,
			);
			runOnlyForDeploymentPostprocessing = 0;
		};
		94F1CF14209C8D9B00D63E00 /* Resources */ = {
			isa = PBXResourcesBuildPhase;
			buildActionMask = 2147483647;
			files = (
			);
			runOnlyForDeploymentPostprocessing = 0;
		};
/* End PBXResourcesBuildPhase section */

/* Begin PBXSourcesBuildPhase section */
		94F1CEFE209C8D9900D63E00 /* Sources */ = {
			isa = PBXSourcesBuildPhase;
			buildActionMask = 2147483647;
			files = (
				94F1CF08209C8D9900D63E00 /* ViewController.swift in Sources */,
				94F1CF06209C8D9900D63E00 /* AppDelegate.swift in Sources */,
				94901A40209C92B200D6CCCC /* View.swift in Sources */,
			);
			runOnlyForDeploymentPostprocessing = 0;
		};
		94F1CF12209C8D9B00D63E00 /* Sources */ = {
			isa = PBXSourcesBuildPhase;
			buildActionMask = 2147483647;
			files = (
				94F1CF1B209C8D9B00D63E00 /* ViewControllerSpec.swift in Sources */,
				94901A3C209C907000D6CCCC /* ViewSpec.swift in Sources */,
			);
			runOnlyForDeploymentPostprocessing = 0;
		};
/* End PBXSourcesBuildPhase section */

/* Begin PBXTargetDependency section */
		94F1CF18209C8D9B00D63E00 /* PBXTargetDependency */ = {
			isa = PBXTargetDependency;
			target = 94F1CF01209C8D9900D63E00 /* XCTesting */;
			targetProxy = 94F1CF17209C8D9B00D63E00 /* PBXContainerItemProxy */;
		};
/* End PBXTargetDependency section */

/* Begin PBXVariantGroup section */
		94F1CF09209C8D9900D63E00 /* Main.storyboard */ = {
			isa = PBXVariantGroup;
			children = (
				94F1CF0A209C8D9900D63E00 /* Base */,
			);
			name = Main.storyboard;
			sourceTree = "<group>";
		};
		94F1CF0E209C8D9B00D63E00 /* LaunchScreen.storyboard */ = {
			isa = PBXVariantGroup;
			children = (
				94F1CF0F209C8D9B00D63E00 /* Base */,
			);
			name = LaunchScreen.storyboard;
			sourceTree = "<group>";
		};
/* End PBXVariantGroup section */

/* Begin XCBuildConfiguration section */
		94F1CF1D209C8D9B00D63E00 /* Debug */ = {
			isa = XCBuildConfiguration;
			buildSettings = {
				ALWAYS_SEARCH_USER_PATHS = NO;
				CLANG_ANALYZER_NONNULL = YES;
				CLANG_ANALYZER_NUMBER_OBJECT_CONVERSION = YES_AGGRESSIVE;
				CLANG_CXX_LANGUAGE_STANDARD = "gnu++14";
				CLANG_CXX_LIBRARY = "libc++";
				CLANG_ENABLE_MODULES = YES;
				CLANG_ENABLE_OBJC_ARC = YES;
				CLANG_ENABLE_OBJC_WEAK = YES;
				CLANG_WARN_BLOCK_CAPTURE_AUTORELEASING = YES;
				CLANG_WARN_BOOL_CONVERSION = YES;
				CLANG_WARN_COMMA = YES;
				CLANG_WARN_CONSTANT_CONVERSION = YES;
				CLANG_WARN_DEPRECATED_OBJC_IMPLEMENTATIONS = YES;
				CLANG_WARN_DIRECT_OBJC_ISA_USAGE = YES_ERROR;
				CLANG_WARN_DOCUMENTATION_COMMENTS = YES;
				CLANG_WARN_EMPTY_BODY = YES;
				CLANG_WARN_ENUM_CONVERSION = YES;
				CLANG_WARN_INFINITE_RECURSION = YES;
				CLANG_WARN_INT_CONVERSION = YES;
				CLANG_WARN_NON_LITERAL_NULL_CONVERSION = YES;
				CLANG_WARN_OBJC_IMPLICIT_RETAIN_SELF = YES;
				CLANG_WARN_OBJC_LITERAL_CONVERSION = YES;
				CLANG_WARN_OBJC_ROOT_CLASS = YES_ERROR;
				CLANG_WARN_RANGE_LOOP_ANALYSIS = YES;
				CLANG_WARN_STRICT_PROTOTYPES = YES;
				CLANG_WARN_SUSPICIOUS_MOVE = YES;
				CLANG_WARN_UNGUARDED_AVAILABILITY = YES_AGGRESSIVE;
				CLANG_WARN_UNREACHABLE_CODE = YES;
				CLANG_WARN__DUPLICATE_METHOD_MATCH = YES;
				CODE_SIGN_IDENTITY = "iPhone Developer";
				COPY_PHASE_STRIP = NO;
				DEBUG_INFORMATION_FORMAT = dwarf;
				ENABLE_STRICT_OBJC_MSGSEND = YES;
				ENABLE_TESTABILITY = YES;
				GCC_C_LANGUAGE_STANDARD = gnu11;
				GCC_DYNAMIC_NO_PIC = NO;
				GCC_NO_COMMON_BLOCKS = YES;
				GCC_OPTIMIZATION_LEVEL = 0;
				GCC_PREPROCESSOR_DEFINITIONS = (
					"DEBUG=1",
					"$(inherited)",
				);
				GCC_WARN_64_TO_32_BIT_CONVERSION = YES;
				GCC_WARN_ABOUT_RETURN_TYPE = YES_ERROR;
				GCC_WARN_UNDECLARED_SELECTOR = YES;
				GCC_WARN_UNINITIALIZED_AUTOS = YES_AGGRESSIVE;
				GCC_WARN_UNUSED_FUNCTION = YES;
				GCC_WARN_UNUSED_VARIABLE = YES;
				IPHONEOS_DEPLOYMENT_TARGET = 11.3;
				MTL_ENABLE_DEBUG_INFO = YES;
				ONLY_ACTIVE_ARCH = YES;
				SDKROOT = iphoneos;
				SWIFT_ACTIVE_COMPILATION_CONDITIONS = DEBUG;
				SWIFT_OPTIMIZATION_LEVEL = "-Onone";
			};
			name = Debug;
		};
		94F1CF1E209C8D9B00D63E00 /* Release */ = {
			isa = XCBuildConfiguration;
			buildSettings = {
				ALWAYS_SEARCH_USER_PATHS = NO;
				CLANG_ANALYZER_NONNULL = YES;
				CLANG_ANALYZER_NUMBER_OBJECT_CONVERSION = YES_AGGRESSIVE;
				CLANG_CXX_LANGUAGE_STANDARD = "gnu++14";
				CLANG_CXX_LIBRARY = "libc++";
				CLANG_ENABLE_MODULES = YES;
				CLANG_ENABLE_OBJC_ARC = YES;
				CLANG_ENABLE_OBJC_WEAK = YES;
				CLANG_WARN_BLOCK_CAPTURE_AUTORELEASING = YES;
				CLANG_WARN_BOOL_CONVERSION = YES;
				CLANG_WARN_COMMA = YES;
				CLANG_WARN_CONSTANT_CONVERSION = YES;
				CLANG_WARN_DEPRECATED_OBJC_IMPLEMENTATIONS = YES;
				CLANG_WARN_DIRECT_OBJC_ISA_USAGE = YES_ERROR;
				CLANG_WARN_DOCUMENTATION_COMMENTS = YES;
				CLANG_WARN_EMPTY_BODY = YES;
				CLANG_WARN_ENUM_CONVERSION = YES;
				CLANG_WARN_INFINITE_RECURSION = YES;
				CLANG_WARN_INT_CONVERSION = YES;
				CLANG_WARN_NON_LITERAL_NULL_CONVERSION = YES;
				CLANG_WARN_OBJC_IMPLICIT_RETAIN_SELF = YES;
				CLANG_WARN_OBJC_LITERAL_CONVERSION = YES;
				CLANG_WARN_OBJC_ROOT_CLASS = YES_ERROR;
				CLANG_WARN_RANGE_LOOP_ANALYSIS = YES;
				CLANG_WARN_STRICT_PROTOTYPES = YES;
				CLANG_WARN_SUSPICIOUS_MOVE = YES;
				CLANG_WARN_UNGUARDED_AVAILABILITY = YES_AGGRESSIVE;
				CLANG_WARN_UNREACHABLE_CODE = YES;
				CLANG_WARN__DUPLICATE_METHOD_MATCH = YES;
				CODE_SIGN_IDENTITY = "iPhone Developer";
				COPY_PHASE_STRIP = NO;
				DEBUG_INFORMATION_FORMAT = "dwarf-with-dsym";
				ENABLE_NS_ASSERTIONS = NO;
				ENABLE_STRICT_OBJC_MSGSEND = YES;
				GCC_C_LANGUAGE_STANDARD = gnu11;
				GCC_NO_COMMON_BLOCKS = YES;
				GCC_WARN_64_TO_32_BIT_CONVERSION = YES;
				GCC_WARN_ABOUT_RETURN_TYPE = YES_ERROR;
				GCC_WARN_UNDECLARED_SELECTOR = YES;
				GCC_WARN_UNINITIALIZED_AUTOS = YES_AGGRESSIVE;
				GCC_WARN_UNUSED_FUNCTION = YES;
				GCC_WARN_UNUSED_VARIABLE = YES;
				IPHONEOS_DEPLOYMENT_TARGET = 11.3;
				MTL_ENABLE_DEBUG_INFO = NO;
				SDKROOT = iphoneos;
				SWIFT_COMPILATION_MODE = wholemodule;
				SWIFT_OPTIMIZATION_LEVEL = "-O";
				VALIDATE_PRODUCT = YES;
			};
			name = Release;
		};
		94F1CF20209C8D9B00D63E00 /* Debug */ = {
			isa = XCBuildConfiguration;
			buildSettings = {
				ASSETCATALOG_COMPILER_APPICON_NAME = AppIcon;
				CODE_SIGN_STYLE = Manual;
				DEVELOPMENT_TEAM = "";
				INFOPLIST_FILE = XCTesting/Info.plist;
				LD_RUNPATH_SEARCH_PATHS = (
					"$(inherited)",
					"@executable_path/Frameworks",
				);
				PRODUCT_BUNDLE_IDENTIFIER = rkb.XCTesting;
				PRODUCT_NAME = "$(TARGET_NAME)";
				PROVISIONING_PROFILE_SPECIFIER = "";
				SWIFT_VERSION = 4.0;
				TARGETED_DEVICE_FAMILY = "1,2";
			};
			name = Debug;
		};
		94F1CF21209C8D9B00D63E00 /* Release */ = {
			isa = XCBuildConfiguration;
			buildSettings = {
				ASSETCATALOG_COMPILER_APPICON_NAME = AppIcon;
				CODE_SIGN_STYLE = Manual;
				DEVELOPMENT_TEAM = "";
				INFOPLIST_FILE = XCTesting/Info.plist;
				LD_RUNPATH_SEARCH_PATHS = (
					"$(inherited)",
					"@executable_path/Frameworks",
				);
				PRODUCT_BUNDLE_IDENTIFIER = rkb.XCTesting;
				PRODUCT_NAME = "$(TARGET_NAME)";
				PROVISIONING_PROFILE_SPECIFIER = "";
				SWIFT_VERSION = 4.0;
				TARGETED_DEVICE_FAMILY = "1,2";
			};
			name = Release;
		};
		94F1CF23209C8D9B00D63E00 /* Debug */ = {
			isa = XCBuildConfiguration;
			buildSettings = {
				ALWAYS_EMBED_SWIFT_STANDARD_LIBRARIES = YES;
				BUNDLE_LOADER = "$(TEST_HOST)";
				CODE_SIGN_STYLE = Automatic;
				INFOPLIST_FILE = XCTestingTests/Info.plist;
				LD_RUNPATH_SEARCH_PATHS = (
					"$(inherited)",
					"@executable_path/Frameworks",
					"@loader_path/Frameworks",
				);
				PRODUCT_BUNDLE_IDENTIFIER = rkb.XCTestingTests;
				PRODUCT_NAME = "$(TARGET_NAME)";
				SWIFT_VERSION = 4.0;
				TARGETED_DEVICE_FAMILY = "1,2";
				TEST_HOST = "$(BUILT_PRODUCTS_DIR)/XCTesting.app/XCTesting";
			};
			name = Debug;
		};
		94F1CF24209C8D9B00D63E00 /* Release */ = {
			isa = XCBuildConfiguration;
			buildSettings = {
				ALWAYS_EMBED_SWIFT_STANDARD_LIBRARIES = YES;
				BUNDLE_LOADER = "$(TEST_HOST)";
				CODE_SIGN_STYLE = Automatic;
				INFOPLIST_FILE = XCTestingTests/Info.plist;
				LD_RUNPATH_SEARCH_PATHS = (
					"$(inherited)",
					"@executable_path/Frameworks",
					"@loader_path/Frameworks",
				);
				PRODUCT_BUNDLE_IDENTIFIER = rkb.XCTestingTests;
				PRODUCT_NAME = "$(TARGET_NAME)";
				SWIFT_VERSION = 4.0;
				TARGETED_DEVICE_FAMILY = "1,2";
				TEST_HOST = "$(BUILT_PRODUCTS_DIR)/XCTesting.app/XCTesting";
			};
			name = Release;
		};
/* End XCBuildConfiguration section */

/* Begin XCConfigurationList section */
		94F1CEFD209C8D9900D63E00 /* Build configuration list for PBXProject "XCTesting" */ = {
			isa = XCConfigurationList;
			buildConfigurations = (
				94F1CF1D209C8D9B00D63E00 /* Debug */,
				94F1CF1E209C8D9B00D63E00 /* Release */,
			);
			defaultConfigurationIsVisible = 0;
			defaultConfigurationName = Release;
		};
		94F1CF1F209C8D9B00D63E00 /* Build configuration list for PBXNativeTarget "XCTesting" */ = {
			isa = XCConfigurationList;
			buildConfigurations = (
				94F1CF20209C8D9B00D63E00 /* Debug */,
				94F1CF21209C8D9B00D63E00 /* Release */,
			);
			defaultConfigurationIsVisible = 0;
			defaultConfigurationName = Release;
		};
		94F1CF22209C8D9B00D63E00 /* Build configuration list for PBXNativeTarget "XCTestingTests" */ = {
			isa = XCConfigurationList;
			buildConfigurations = (
				94F1CF23209C8D9B00D63E00 /* Debug */,
				94F1CF24209C8D9B00D63E00 /* Release */,
			);
			defaultConfigurationIsVisible = 0;
			defaultConfigurationName = Release;
		};
/* End XCConfigurationList section */
	};
	rootObject = 94F1CEFA209C8D9900D63E00 /* Project object */;
}
